github.com/nentgroup/slog-prettylogger v1.0.3 h1:ibdHgfFT4Py/ea2ZRKUPXw9KCbWZ3unJP3fyteWUzx8=
github.com/nentgroup/slog-prettylogger v1.0.3/go.mod h1:QoPkmc/cxPPHeEbX10w5tyRC0YLv6Akrxw50kPBlAnQ=
github.com/samber/lo v1.52.0 h1:Rvi+3BFHES3A8meP33VPAxiBZX/Aws5RxrschYGjomw=
github.com/samber/lo v1.52.0/go.mod h1:4+MXEGsJzbKGaUEQFKBq2xtfuznW9oz/WrgyzMzRoM0=
github.com/samber/slog-common v0.20.0 h1:WaLnm/aCvBJSk5nR5aXZTFBaV0B47A+AEaEOiZDeUnc=
github.com/samber/slog-common v0.20.0/go.mod h1:+Ozat1jgnnE59UAlmNX1IF3IByHsODnnwf9jUcBZ+m8=
github.com/samber/slog-logstash/v2 v2.6.3 h1:rZ5J6vWfoKweLkwbCUV3PVPUb6KhZ6ydJl82b0tyYNk=
github.com/samber/slog-logstash/v2 v2.6.3/go.mod h1:ZG+EdUbMOUMPgCBPPyqhMPtO1cOORvb/kAFjsKrOkiE=
github.com/samber/slog-multi v1.7.1 h1:aCLXHRxgU+2v0PVlEOh7phynzM7CRo89ZgFtOwaqVEE=
github.com/samber/slog-multi v1.7.1/go.mod h1:A4KQC99deqfkCDJcL/cO3kX6McX7FffQAx/8QHink+c=
github.com/samber/slog-syslog/v2 v2.5.3 h1:CscuHLrjiYvMIhTPuYGPkVbYefojv2rahVJs6TEuUfw=
github.com/samber/slog-syslog/v2 v2.5.3/go.mod h1:MrqJoQF/PYx3oTV3YY4TkjsJAaosD4fp8QRKQ1INLzc=
golang.org/x/text v0.35.0 h1:JOVx6vVDFokkpaq1AEptVzLTpDe9KGpj5tR4/X+ybL8=
golang.org/x/text v0.35.0/go.mod h1:khi/HExzZJ2pGnjenulevKNX1W67CUy0AsXcNubPGCA=
gopkg.in/check.v1 v0.0.0-20161208181325-20d25e280405 h1:yhCVgyC4o1eVCa2tZl7eS0r+SDo693bJlVdllGtEeKM=
gopkg.in/check.v1 v0.0.0-20161208181325-20d25e280405/go.mod h1:Co6ibVJAznAaIkqp8huTwlJQCZ016jof/cbN4VW5Yz0=
gopkg.in/yaml.v3 v3.0.1 h1:fxVm/GzAzEWqLHuvctI91KS9hhNmmWOoWu0XTYJS7CA=
gopkg.in/yaml.v3 v3.0.1/go.mod h1:K4uyk7z7BCEPqu6E+C64Yfv1cQ7kz7rIZviUmN+EgEM=
